// !$*UTF8*$!
{
	archiveVersion = 1;
	classes = {
	};
	objectVersion = 55;
	objects = {

/* Begin PBXBuildFile section */
		F41079CD2885D73B00275412 /* Cryptogram.cpp in Sources */ = {isa = PBXBuildFile; fileRef = F41079CB2885D73B00275412 /* Cryptogram.cpp */; };
		F41079D02885D77200275412 /* Codebook.cpp in Sources */ = {isa = PBXBuildFile; fileRef = F41079CE2885D77200275412 /* Codebook.cpp */; };
		F4DE17F4286A2DDA00EF1937 /* main.cpp in Sources */ = {isa = PBXBuildFile; fileRef = F4DE17F3286A2DDA00EF1937 /* main.cpp */; };
		F4DE1808286A315400EF1937 /* EncrypedLetter.cpp in Sources */ = {isa = PBXBuildFile; fileRef = F4DE1807286A315400EF1937 /* EncrypedLetter.cpp */; };
		F4DE180C286A343500EF1937 /* FileParser.cpp in Sources */ = {isa = PBXBuildFile; fileRef = F4DE180A286A343500EF1937 /* FileParser.cpp */; };
		F4DE180F286A353600EF1937 /* CommandLineArgumentParser.cpp in Sources */ = {isa = PBXBuildFile; fileRef = F4DE180D286A353600EF1937 /* CommandLineArgumentParser.cpp */; };
		F4DE1812286A466100EF1937 /* EncryptedWord.cpp in Sources */ = {isa = PBXBuildFile; fileRef = F4DE1810286A466100EF1937 /* EncryptedWord.cpp */; };
/* End PBXBuildFile section */

/* Begin PBXCopyFilesBuildPhase section */
		F4DE17EE286A2DDA00EF1937 /* CopyFiles */ = {
			isa = PBXCopyFilesBuildPhase;
			buildActionMask = 2147483647;
			dstPath = /usr/share/man/man1/;
			dstSubfolderSpec = 0;
			files = (
			);
			runOnlyForDeploymentPostprocessing = 1;
		};
/* End PBXCopyFilesBuildPhase section */

/* Begin PBXFileReference section */
		F41079CB2885D73B00275412 /* Cryptogram.cpp */ = {isa = PBXFileReference; lastKnownFileType = sourcecode.cpp.cpp; path = Cryptogram.cpp; sourceTree = "<group>"; };
		F41079CC2885D73B00275412 /* Cryptogram.hpp */ = {isa = PBXFileReference; lastKnownFileType = sourcecode.cpp.h; path = Cryptogram.hpp; sourceTree = "<group>"; };
		F41079CE2885D77200275412 /* Codebook.cpp */ = {isa = PBXFileReference; lastKnownFileType = sourcecode.cpp.cpp; path = Codebook.cpp; sourceTree = "<group>"; };
		F41079CF2885D77200275412 /* Codebook.hpp */ = {isa = PBXFileReference; lastKnownFileType = sourcecode.cpp.h; path = Codebook.hpp; sourceTree = "<group>"; };
		F41079D4288613D100275412 /* cryptogram.txt */ = {isa = PBXFileReference; fileEncoding = 4; lastKnownFileType = text; path = cryptogram.txt; sourceTree = "<group>"; };
		F41079D5288613D100275412 /* cryptogram3.txt */ = {isa = PBXFileReference; fileEncoding = 4; lastKnownFileType = text; path = cryptogram3.txt; sourceTree = "<group>"; };
		F41079D6288613D100275412 /* cryptogram2.txt */ = {isa = PBXFileReference; fileEncoding = 4; lastKnownFileType = text; path = cryptogram2.txt; sourceTree = "<group>"; };
		F41079D7288613D100275412 /* cryptogram1.txt */ = {isa = PBXFileReference; fileEncoding = 4; lastKnownFileType = text; path = cryptogram1.txt; sourceTree = "<group>"; };
		F4DE17F0286A2DDA00EF1937 /* CryptogramSolver */ = {isa = PBXFileReference; explicitFileType = "compiled.mach-o.executable"; includeInIndex = 0; path = CryptogramSolver; sourceTree = BUILT_PRODUCTS_DIR; };
		F4DE17F3286A2DDA00EF1937 /* main.cpp */ = {isa = PBXFileReference; lastKnownFileType = sourcecode.cpp.cpp; path = main.cpp; sourceTree = "<group>"; };
		F4DE17FC286A2E4E00EF1937 /* words.txt */ = {isa = PBXFileReference; lastKnownFileType = text; path = words.txt; sourceTree = "<group>"; };
		F4DE1805286A2F4300EF1937 /* common.hpp */ = {isa = PBXFileReference; lastKnownFileType = sourcecode.cpp.h; path = common.hpp; sourceTree = "<group>"; };
		F4DE1806286A307D00EF1937 /* EncryptedLetter.hpp */ = {isa = PBXFileReference; lastKnownFileType = sourcecode.cpp.h; path = EncryptedLetter.hpp; sourceTree = "<group>"; };
		F4DE1807286A315400EF1937 /* EncrypedLetter.cpp */ = {isa = PBXFileReference; lastKnownFileType = sourcecode.cpp.cpp; path = EncrypedLetter.cpp; sourceTree = "<group>"; };
		F4DE1809286A343500EF1937 /* FileParser.hpp */ = {isa = PBXFileReference; fileEncoding = 4; lastKnownFileType = sourcecode.cpp.h; path = FileParser.hpp; sourceTree = "<group>"; };
		F4DE180A286A343500EF1937 /* FileParser.cpp */ = {isa = PBXFileReference; fileEncoding = 4; lastKnownFileType = sourcecode.cpp.cpp; path = FileParser.cpp; sourceTree = "<group>"; };
		F4DE180B286A343500EF1937 /* types.hpp */ = {isa = PBXFileReference; fileEncoding = 4; lastKnownFileType = sourcecode.cpp.h; path = types.hpp; sourceTree = "<group>"; };
		F4DE180D286A353600EF1937 /* CommandLineArgumentParser.cpp */ = {isa = PBXFileReference; fileEncoding = 4; lastKnownFileType = sourcecode.cpp.cpp; path = CommandLineArgumentParser.cpp; sourceTree = "<group>"; };
		F4DE180E286A353600EF1937 /* CommandLineArgumentParser.hpp */ = {isa = PBXFileReference; fileEncoding = 4; lastKnownFileType = sourcecode.cpp.h; path = CommandLineArgumentParser.hpp; sourceTree = "<group>"; };
		F4DE1810286A466100EF1937 /* EncryptedWord.cpp */ = {isa = PBXFileReference; lastKnownFileType = sourcecode.cpp.cpp; path = EncryptedWord.cpp; sourceTree = "<group>"; };
		F4DE1811286A466100EF1937 /* EncryptedWord.hpp */ = {isa = PBXFileReference; lastKnownFileType = sourcecode.cpp.h; path = EncryptedWord.hpp; sourceTree = "<group>"; };
/* End PBXFileReference section */

/* Begin PBXFrameworksBuildPhase section */
		F4DE17ED286A2DDA00EF1937 /* Frameworks */ = {
			isa = PBXFrameworksBuildPhase;
			buildActionMask = 2147483647;
			files = (
			);
			runOnlyForDeploymentPostprocessing = 0;
		};
/* End PBXFrameworksBuildPhase section */

/* Begin PBXGroup section */
		F41079D3288613D100275412 /* cryptograms */ = {
			isa = PBXGroup;
			children = (
				F41079D4288613D100275412 /* cryptogram.txt */,
				F41079D5288613D100275412 /* cryptogram3.txt */,
				F41079D6288613D100275412 /* cryptogram2.txt */,
				F41079D7288613D100275412 /* cryptogram1.txt */,
			);
			path = cryptograms;
			sourceTree = "<group>";
		};
		F4DE17E7286A2DDA00EF1937 = {
			isa = PBXGroup;
			children = (
				F4DE17F2286A2DDA00EF1937 /* CryptogramSolver */,
				F4DE17F1286A2DDA00EF1937 /* Products */,
			);
			sourceTree = "<group>";
		};
		F4DE17F1286A2DDA00EF1937 /* Products */ = {
			isa = PBXGroup;
			children = (
				F4DE17F0286A2DDA00EF1937 /* CryptogramSolver */,
			);
			name = Products;
			sourceTree = "<group>";
		};
		F4DE17F2286A2DDA00EF1937 /* CryptogramSolver */ = {
			isa = PBXGroup;
			children = (
				F41079D3288613D100275412 /* cryptograms */,
				F4DE17F3286A2DDA00EF1937 /* main.cpp */,
				F4DE180D286A353600EF1937 /* CommandLineArgumentParser.cpp */,
				F4DE180E286A353600EF1937 /* CommandLineArgumentParser.hpp */,
				F4DE180A286A343500EF1937 /* FileParser.cpp */,
				F4DE1809286A343500EF1937 /* FileParser.hpp */,
				F4DE180B286A343500EF1937 /* types.hpp */,
				F4DE17FC286A2E4E00EF1937 /* words.txt */,
				F41079CE2885D77200275412 /* Codebook.cpp */,
				F41079CF2885D77200275412 /* Codebook.hpp */,
				F4DE1805286A2F4300EF1937 /* common.hpp */,
				F4DE1807286A315400EF1937 /* EncrypedLetter.cpp */,
				F4DE1806286A307D00EF1937 /* EncryptedLetter.hpp */,
				F4DE1810286A466100EF1937 /* EncryptedWord.cpp */,
				F4DE1811286A466100EF1937 /* EncryptedWord.hpp */,
				F41079CB2885D73B00275412 /* Cryptogram.cpp */,
				F41079CC2885D73B00275412 /* Cryptogram.hpp */,
			);
			path = CryptogramSolver;
			sourceTree = "<group>";
		};
/* End PBXGroup section */

/* Begin PBXNativeTarget section */
		F4DE17EF286A2DDA00EF1937 /* CryptogramSolver */ = {
			isa = PBXNativeTarget;
			buildConfigurationList = F4DE17F7286A2DDA00EF1937 /* Build configuration list for PBXNativeTarget "CryptogramSolver" */;
			buildPhases = (
				F4DE17EC286A2DDA00EF1937 /* Sources */,
				F4DE17ED286A2DDA00EF1937 /* Frameworks */,
				F4DE17EE286A2DDA00EF1937 /* CopyFiles */,
			);
			buildRules = (
			);
			dependencies = (
			);
			name = CryptogramSolver;
			productName = CryptogramSolver;
			productReference = F4DE17F0286A2DDA00EF1937 /* CryptogramSolver */;
			productType = "com.apple.product-type.tool";
		};
/* End PBXNativeTarget section */

/* Begin PBXProject section */
		F4DE17E8286A2DDA00EF1937 /* Project object */ = {
			isa = PBXProject;
			attributes = {
				BuildIndependentTargetsInParallel = 1;
				LastUpgradeCheck = 1340;
				TargetAttributes = {
					F4DE17EF286A2DDA00EF1937 = {
						CreatedOnToolsVersion = 13.4.1;
					};
				};
			};
			buildConfigurationList = F4DE17EB286A2DDA00EF1937 /* Build configuration list for PBXProject "CryptogramSolver" */;
			compatibilityVersion = "Xcode 13.0";
			developmentRegion = en;
			hasScannedForEncodings = 0;
			knownRegions = (
				en,
				Base,
			);
			mainGroup = F4DE17E7286A2DDA00EF1937;
			productRefGroup = F4DE17F1286A2DDA00EF1937 /* Products */;
			projectDirPath = "";
			projectRoot = "";
			targets = (
				F4DE17EF286A2DDA00EF1937 /* CryptogramSolver */,
			);
		};
/* End PBXProject section */

/* Begin PBXSourcesBuildPhase section */
		F4DE17EC286A2DDA00EF1937 /* Sources */ = {
			isa = PBXSourcesBuildPhase;
			buildActionMask = 2147483647;
			files = (
				F4DE180C286A343500EF1937 /* FileParser.cpp in Sources */,
				F4DE1812286A466100EF1937 /* EncryptedWord.cpp in Sources */,
				F4DE180F286A353600EF1937 /* CommandLineArgumentParser.cpp in Sources */,
				F41079D02885D77200275412 /* Codebook.cpp in Sources */,
				F41079CD2885D73B00275412 /* Cryptogram.cpp in Sources */,
				F4DE17F4286A2DDA00EF1937 /* main.cpp in Sources */,
				F4DE1808286A315400EF1937 /* EncrypedLetter.cpp in Sources */,
			);
			runOnlyForDeploymentPostprocessing = 0;
		};
/* End PBXSourcesBuildPhase section */

/* Begin XCBuildConfiguration section */
		F4DE17F5286A2DDA00EF1937 /* Debug */ = {
			isa = XCBuildConfiguration;
			buildSettings = {
				ALWAYS_SEARCH_USER_PATHS = NO;
				CLANG_ANALYZER_NONNULL = YES;
				CLANG_ANALYZER_NUMBER_OBJECT_CONVERSION = YES_AGGRESSIVE;
				CLANG_CXX_LANGUAGE_STANDARD = "gnu++17";
				CLANG_ENABLE_MODULES = YES;
				CLANG_ENABLE_OBJC_ARC = YES;
				CLANG_ENABLE_OBJC_WEAK = YES;
				CLANG_WARN_BLOCK_CAPTURE_AUTORELEASING = YES;
				CLANG_WARN_BOOL_CONVERSION = YES;
				CLANG_WARN_COMMA = YES;
				CLANG_WARN_CONSTANT_CONVERSION = YES;
				CLANG_WARN_DEPRECATED_OBJC_IMPLEMENTATIONS = YES;
				CLANG_WARN_DIRECT_OBJC_ISA_USAGE = YES_ERROR;
				CLANG_WARN_DOCUMENTATION_COMMENTS = YES;
				CLANG_WARN_EMPTY_BODY = YES;
				CLANG_WARN_ENUM_CONVERSION = YES;
				CLANG_WARN_INFINITE_RECURSION = YES;
				CLANG_WARN_INT_CONVERSION = YES;
				CLANG_WARN_NON_LITERAL_NULL_CONVERSION = YES;
				CLANG_WARN_OBJC_IMPLICIT_RETAIN_SELF = YES;
				CLANG_WARN_OBJC_LITERAL_CONVERSION = YES;
				CLANG_WARN_OBJC_ROOT_CLASS = YES_ERROR;
				CLANG_WARN_QUOTED_INCLUDE_IN_FRAMEWORK_HEADER = YES;
				CLANG_WARN_RANGE_LOOP_ANALYSIS = YES;
				CLANG_WARN_STRICT_PROTOTYPES = YES;
				CLANG_WARN_SUSPICIOUS_MOVE = YES;
				CLANG_WARN_UNGUARDED_AVAILABILITY = YES_AGGRESSIVE;
				CLANG_WARN_UNREACHABLE_CODE = YES;
				CLANG_WARN__DUPLICATE_METHOD_MATCH = YES;
				COPY_PHASE_STRIP = NO;
				DEBUG_INFORMATION_FORMAT = dwarf;
				ENABLE_STRICT_OBJC_MSGSEND = YES;
				ENABLE_TESTABILITY = YES;
				GCC_C_LANGUAGE_STANDARD = gnu11;
				GCC_DYNAMIC_NO_PIC = NO;
				GCC_NO_COMMON_BLOCKS = YES;
				GCC_OPTIMIZATION_LEVEL = 0;
				GCC_PREPROCESSOR_DEFINITIONS = (
					"DEBUG=1",
					"$(inherited)",
				);
				GCC_WARN_64_TO_32_BIT_CONVERSION = YES;
				GCC_WARN_ABOUT_RETURN_TYPE = YES_ERROR;
				GCC_WARN_UNDECLARED_SELECTOR = YES;
				GCC_WARN_UNINITIALIZED_AUTOS = YES_AGGRESSIVE;
				GCC_WARN_UNUSED_FUNCTION = YES;
				GCC_WARN_UNUSED_VARIABLE = YES;
				MACOSX_DEPLOYMENT_TARGET = 12.3;
				MTL_ENABLE_DEBUG_INFO = INCLUDE_SOURCE;
				MTL_FAST_MATH = YES;
				ONLY_ACTIVE_ARCH = YES;
				SDKROOT = macosx;
			};
			name = Debug;
		};
		F4DE17F6286A2DDA00EF1937 /* Release */ = {
			isa = XCBuildConfiguration;
			buildSettings = {
				ALWAYS_SEARCH_USER_PATHS = NO;
				CLANG_ANALYZER_NONNULL = YES;
				CLANG_ANALYZER_NUMBER_OBJECT_CONVERSION = YES_AGGRESSIVE;
				CLANG_CXX_LANGUAGE_STANDARD = "gnu++17";
				CLANG_ENABLE_MODULES = YES;
				CLANG_ENABLE_OBJC_ARC = YES;
				CLANG_ENABLE_OBJC_WEAK = YES;
				CLANG_WARN_BLOCK_CAPTURE_AUTORELEASING = YES;
				CLANG_WARN_BOOL_CONVERSION = YES;
				CLANG_WARN_COMMA = YES;
				CLANG_WARN_CONSTANT_CONVERSION = YES;
				CLANG_WARN_DEPRECATED_OBJC_IMPLEMENTATIONS = YES;
				CLANG_WARN_DIRECT_OBJC_ISA_USAGE = YES_ERROR;
				CLANG_WARN_DOCUMENTATION_COMMENTS = YES;
				CLANG_WARN_EMPTY_BODY = YES;
				CLANG_WARN_ENUM_CONVERSION = YES;
				CLANG_WARN_INFINITE_RECURSION = YES;
				CLANG_WARN_INT_CONVERSION = YES;
				CLANG_WARN_NON_LITERAL_NULL_CONVERSION = YES;
				CLANG_WARN_OBJC_IMPLICIT_RETAIN_SELF = YES;
				CLANG_WARN_OBJC_LITERAL_CONVERSION = YES;
				CLANG_WARN_OBJC_ROOT_CLASS = YES_ERROR;
				CLANG_WARN_QUOTED_INCLUDE_IN_FRAMEWORK_HEADER = YES;
				CLANG_WARN_RANGE_LOOP_ANALYSIS = YES;
				CLANG_WARN_STRICT_PROTOTYPES = YES;
				CLANG_WARN_SUSPICIOUS_MOVE = YES;
				CLANG_WARN_UNGUARDED_AVAILABILITY = YES_AGGRESSIVE;
				CLANG_WARN_UNREACHABLE_CODE = YES;
				CLANG_WARN__DUPLICATE_METHOD_MATCH = YES;
				COPY_PHASE_STRIP = NO;
				DEBUG_INFORMATION_FORMAT = "dwarf-with-dsym";
				ENABLE_NS_ASSERTIONS = NO;
				ENABLE_STRICT_OBJC_MSGSEND = YES;
				GCC_C_LANGUAGE_STANDARD = gnu11;
				GCC_NO_COMMON_BLOCKS = YES;
				GCC_WARN_64_TO_32_BIT_CONVERSION = YES;
				GCC_WARN_ABOUT_RETURN_TYPE = YES_ERROR;
				GCC_WARN_UNDECLARED_SELECTOR = YES;
				GCC_WARN_UNINITIALIZED_AUTOS = YES_AGGRESSIVE;
				GCC_WARN_UNUSED_FUNCTION = YES;
				GCC_WARN_UNUSED_VARIABLE = YES;
				MACOSX_DEPLOYMENT_TARGET = 12.3;
				MTL_ENABLE_DEBUG_INFO = NO;
				MTL_FAST_MATH = YES;
				SDKROOT = macosx;
			};
			name = Release;
		};
		F4DE17F8286A2DDA00EF1937 /* Debug */ = {
			isa = XCBuildConfiguration;
			buildSettings = {
				CODE_SIGN_STYLE = Automatic;
				DEVELOPMENT_TEAM = A3E5NJZ7MX;
				ENABLE_HARDENED_RUNTIME = YES;
				PRODUCT_NAME = "$(TARGET_NAME)";
			};
			name = Debug;
		};
		F4DE17F9286A2DDA00EF1937 /* Release */ = {
			isa = XCBuildConfiguration;
			buildSettings = {
				CODE_SIGN_STYLE = Automatic;
				DEVELOPMENT_TEAM = A3E5NJZ7MX;
				ENABLE_HARDENED_RUNTIME = YES;
				PRODUCT_NAME = "$(TARGET_NAME)";
			};
			name = Release;
		};
/* End XCBuildConfiguration section */

/* Begin XCConfigurationList section */
		F4DE17EB286A2DDA00EF1937 /* Build configuration list for PBXProject "CryptogramSolver" */ = {
			isa = XCConfigurationList;
			buildConfigurations = (
				F4DE17F5286A2DDA00EF1937 /* Debug */,
				F4DE17F6286A2DDA00EF1937 /* Release */,
			);
			defaultConfigurationIsVisible = 0;
			defaultConfigurationName = Release;
		};
		F4DE17F7286A2DDA00EF1937 /* Build configuration list for PBXNativeTarget "CryptogramSolver" */ = {
			isa = XCConfigurationList;
			buildConfigurations = (
				F4DE17F8286A2DDA00EF1937 /* Debug */,
				F4DE17F9286A2DDA00EF1937 /* Release */,
			);
			defaultConfigurationIsVisible = 0;
			defaultConfigurationName = Release;
		};
/* End XCConfigurationList section */
	};
	rootObject = F4DE17E8286A2DDA00EF1937 /* Project object */;
}
